// !$*UTF8*$!
{
	archiveVersion = 1;
	classes = {
	};
	objectVersion = 77;
	objects = {

/* Begin PBXContainerItemProxy section */
		50CC0A8E2CC06DB8006ABD4F /* PBXContainerItemProxy */ = {
			isa = PBXContainerItemProxy;
			containerPortal = 50CC0A752CC06DB7006ABD4F /* Project object */;
			proxyType = 1;
			remoteGlobalIDString = 50CC0A7C2CC06DB7006ABD4F;
			remoteInfo = AuthenticationAndNavigation184;
		};
		50CC0A982CC06DB8006ABD4F /* PBXContainerItemProxy */ = {
			isa = PBXContainerItemProxy;
			containerPortal = 50CC0A752CC06DB7006ABD4F /* Project object */;
			proxyType = 1;
			remoteGlobalIDString = 50CC0A7C2CC06DB7006ABD4F;
			remoteInfo = AuthenticationAndNavigation184;
		};
/* End PBXContainerItemProxy section */

/* Begin PBXFileReference section */
		50CC0A7D2CC06DB7006ABD4F /* AuthenticationAndNavigation184.app */ = {isa = PBXFileReference; explicitFileType = wrapper.application; includeInIndex = 0; path = AuthenticationAndNavigation184.app; sourceTree = BUILT_PRODUCTS_DIR; };
		50CC0A8D2CC06DB8006ABD4F /* AuthenticationAndNavigation184Tests.xctest */ = {isa = PBXFileReference; explicitFileType = wrapper.cfbundle; includeInIndex = 0; path = AuthenticationAndNavigation184Tests.xctest; sourceTree = BUILT_PRODUCTS_DIR; };
		50CC0A972CC06DB8006ABD4F /* AuthenticationAndNavigation184UITests.xctest */ = {isa = PBXFileReference; explicitFileType = wrapper.cfbundle; includeInIndex = 0; path = AuthenticationAndNavigation184UITests.xctest; sourceTree = BUILT_PRODUCTS_DIR; };
/* End PBXFileReference section */

/* Begin PBXFileSystemSynchronizedRootGroup section */
		50CC0A7F2CC06DB7006ABD4F /* AuthenticationAndNavigation184 */ = {
			isa = PBXFileSystemSynchronizedRootGroup;
			path = AuthenticationAndNavigation184;
			sourceTree = "<group>";
		};
		50CC0A902CC06DB8006ABD4F /* AuthenticationAndNavigation184Tests */ = {
			isa = PBXFileSystemSynchronizedRootGroup;
			path = AuthenticationAndNavigation184Tests;
			sourceTree = "<group>";
		};
		50CC0A9A2CC06DB8006ABD4F /* AuthenticationAndNavigation184UITests */ = {
			isa = PBXFileSystemSynchronizedRootGroup;
			path = AuthenticationAndNavigation184UITests;
			sourceTree = "<group>";
		};
/* End PBXFileSystemSynchronizedRootGroup section */

/* Begin PBXFrameworksBuildPhase section */
		50CC0A7A2CC06DB7006ABD4F /* Frameworks */ = {
			isa = PBXFrameworksBuildPhase;
			buildActionMask = 2147483647;
			files = (
			);
			runOnlyForDeploymentPostprocessing = 0;
		};
		50CC0A8A2CC06DB8006ABD4F /* Frameworks */ = {
			isa = PBXFrameworksBuildPhase;
			buildActionMask = 2147483647;
			files = (
			);
			runOnlyForDeploymentPostprocessing = 0;
		};
		50CC0A942CC06DB8006ABD4F /* Frameworks */ = {
			isa = PBXFrameworksBuildPhase;
			buildActionMask = 2147483647;
			files = (
			);
			runOnlyForDeploymentPostprocessing = 0;
		};
/* End PBXFrameworksBuildPhase section */

/* Begin PBXGroup section */
		50CC0A742CC06DB7006ABD4F = {
			isa = PBXGroup;
			children = (
				50CC0A7F2CC06DB7006ABD4F /* AuthenticationAndNavigation184 */,
				50CC0A902CC06DB8006ABD4F /* AuthenticationAndNavigation184Tests */,
				50CC0A9A2CC06DB8006ABD4F /* AuthenticationAndNavigation184UITests */,
				50CC0A7E2CC06DB7006ABD4F /* Products */,
			);
			sourceTree = "<group>";
		};
		50CC0A7E2CC06DB7006ABD4F /* Products */ = {
			isa = PBXGroup;
			children = (
				50CC0A7D2CC06DB7006ABD4F /* AuthenticationAndNavigation184.app */,
				50CC0A8D2CC06DB8006ABD4F /* AuthenticationAndNavigation184Tests.xctest */,
				50CC0A972CC06DB8006ABD4F /* AuthenticationAndNavigation184UITests.xctest */,
			);
			name = Products;
			sourceTree = "<group>";
		};
/* End PBXGroup section */

/* Begin PBXNativeTarget section */
		50CC0A7C2CC06DB7006ABD4F /* AuthenticationAndNavigation184 */ = {
			isa = PBXNativeTarget;
			buildConfigurationList = 50CC0AA12CC06DB8006ABD4F /* Build configuration list for PBXNativeTarget "AuthenticationAndNavigation184" */;
			buildPhases = (
				50CC0A792CC06DB7006ABD4F /* Sources */,
				50CC0A7A2CC06DB7006ABD4F /* Frameworks */,
				50CC0A7B2CC06DB7006ABD4F /* Resources */,
			);
			buildRules = (
			);
			dependencies = (
			);
			fileSystemSynchronizedGroups = (
				50CC0A7F2CC06DB7006ABD4F /* AuthenticationAndNavigation184 */,
			);
			name = AuthenticationAndNavigation184;
			packageProductDependencies = (
			);
			productName = AuthenticationAndNavigation184;
			productReference = 50CC0A7D2CC06DB7006ABD4F /* AuthenticationAndNavigation184.app */;
			productType = "com.apple.product-type.application";
		};
		50CC0A8C2CC06DB8006ABD4F /* AuthenticationAndNavigation184Tests */ = {
			isa = PBXNativeTarget;
			buildConfigurationList = 50CC0AA42CC06DB8006ABD4F /* Build configuration list for PBXNativeTarget "AuthenticationAndNavigation184Tests" */;
			buildPhases = (
				50CC0A892CC06DB8006ABD4F /* Sources */,
				50CC0A8A2CC06DB8006ABD4F /* Frameworks */,
				50CC0A8B2CC06DB8006ABD4F /* Resources */,
			);
			buildRules = (
			);
			dependencies = (
				50CC0A8F2CC06DB8006ABD4F /* PBXTargetDependency */,
			);
			fileSystemSynchronizedGroups = (
				50CC0A902CC06DB8006ABD4F /* AuthenticationAndNavigation184Tests */,
			);
			name = AuthenticationAndNavigation184Tests;
			packageProductDependencies = (
			);
			productName = AuthenticationAndNavigation184Tests;
			productReference = 50CC0A8D2CC06DB8006ABD4F /* AuthenticationAndNavigation184Tests.xctest */;
			productType = "com.apple.product-type.bundle.unit-test";
		};
		50CC0A962CC06DB8006ABD4F /* AuthenticationAndNavigation184UITests */ = {
			isa = PBXNativeTarget;
			buildConfigurationList = 50CC0AA72CC06DB8006ABD4F /* Build configuration list for PBXNativeTarget "AuthenticationAndNavigation184UITests" */;
			buildPhases = (
				50CC0A932CC06DB8006ABD4F /* Sources */,
				50CC0A942CC06DB8006ABD4F /* Frameworks */,
				50CC0A952CC06DB8006ABD4F /* Resources */,
			);
			buildRules = (
			);
			dependencies = (
				50CC0A992CC06DB8006ABD4F /* PBXTargetDependency */,
			);
			fileSystemSynchronizedGroups = (
				50CC0A9A2CC06DB8006ABD4F /* AuthenticationAndNavigation184UITests */,
			);
			name = AuthenticationAndNavigation184UITests;
			packageProductDependencies = (
			);
			productName = AuthenticationAndNavigation184UITests;
			productReference = 50CC0A972CC06DB8006ABD4F /* AuthenticationAndNavigation184UITests.xctest */;
			productType = "com.apple.product-type.bundle.ui-testing";
		};
/* End PBXNativeTarget section */

/* Begin PBXProject section */
		50CC0A752CC06DB7006ABD4F /* Project object */ = {
			isa = PBXProject;
			attributes = {
				BuildIndependentTargetsInParallel = 1;
				LastSwiftUpdateCheck = 1600;
				LastUpgradeCheck = 1600;
				TargetAttributes = {
					50CC0A7C2CC06DB7006ABD4F = {
						CreatedOnToolsVersion = 16.0;
					};
					50CC0A8C2CC06DB8006ABD4F = {
						CreatedOnToolsVersion = 16.0;
						TestTargetID = 50CC0A7C2CC06DB7006ABD4F;
					};
					50CC0A962CC06DB8006ABD4F = {
						CreatedOnToolsVersion = 16.0;
						TestTargetID = 50CC0A7C2CC06DB7006ABD4F;
					};
				};
			};
			buildConfigurationList = 50CC0A782CC06DB7006ABD4F /* Build configuration list for PBXProject "AuthenticationAndNavigation184" */;
			developmentRegion = en;
			hasScannedForEncodings = 0;
			knownRegions = (
				en,
				Base,
			);
			mainGroup = 50CC0A742CC06DB7006ABD4F;
			minimizedProjectReferenceProxies = 1;
			preferredProjectObjectVersion = 77;
			productRefGroup = 50CC0A7E2CC06DB7006ABD4F /* Products */;
			projectDirPath = "";
			projectRoot = "";
			targets = (
				50CC0A7C2CC06DB7006ABD4F /* AuthenticationAndNavigation184 */,
				50CC0A8C2CC06DB8006ABD4F /* AuthenticationAndNavigation184Tests */,
				50CC0A962CC06DB8006ABD4F /* AuthenticationAndNavigation184UITests */,
			);
		};
/* End PBXProject section */

/* Begin PBXResourcesBuildPhase section */
		50CC0A7B2CC06DB7006ABD4F /* Resources */ = {
			isa = PBXResourcesBuildPhase;
			buildActionMask = 2147483647;
			files = (
			);
			runOnlyForDeploymentPostprocessing = 0;
		};
		50CC0A8B2CC06DB8006ABD4F /* Resources */ = {
			isa = PBXResourcesBuildPhase;
			buildActionMask = 2147483647;
			files = (
			);
			runOnlyForDeploymentPostprocessing = 0;
		};
		50CC0A952CC06DB8006ABD4F /* Resources */ = {
			isa = PBXResourcesBuildPhase;
			buildActionMask = 2147483647;
			files = (
			);
			runOnlyForDeploymentPostprocessing = 0;
		};
/* End PBXResourcesBuildPhase section */

/* Begin PBXSourcesBuildPhase section */
		50CC0A792CC06DB7006ABD4F /* Sources */ = {
			isa = PBXSourcesBuildPhase;
			buildActionMask = 2147483647;
			files = (
			);
			runOnlyForDeploymentPostprocessing = 0;
		};
		50CC0A892CC06DB8006ABD4F /* Sources */ = {
			isa = PBXSourcesBuildPhase;
			buildActionMask = 2147483647;
			files = (
			);
			runOnlyForDeploymentPostprocessing = 0;
		};
		50CC0A932CC06DB8006ABD4F /* Sources */ = {
			isa = PBXSourcesBuildPhase;
			buildActionMask = 2147483647;
			files = (
			);
			runOnlyForDeploymentPostprocessing = 0;
		};
/* End PBXSourcesBuildPhase section */

/* Begin PBXTargetDependency section */
		50CC0A8F2CC06DB8006ABD4F /* PBXTargetDependency */ = {
			isa = PBXTargetDependency;
			target = 50CC0A7C2CC06DB7006ABD4F /* AuthenticationAndNavigation184 */;
			targetProxy = 50CC0A8E2CC06DB8006ABD4F /* PBXContainerItemProxy */;
		};
		50CC0A992CC06DB8006ABD4F /* PBXTargetDependency */ = {
			isa = PBXTargetDependency;
			target = 50CC0A7C2CC06DB7006ABD4F /* AuthenticationAndNavigation184 */;
			targetProxy = 50CC0A982CC06DB8006ABD4F /* PBXContainerItemProxy */;
		};
/* End PBXTargetDependency section */

/* Begin XCBuildConfiguration section */
		50CC0A9F2CC06DB8006ABD4F /* Debug */ = {
			isa = XCBuildConfiguration;
			buildSettings = {
				ALWAYS_SEARCH_USER_PATHS = NO;
				ASSETCATALOG_COMPILER_GENERATE_SWIFT_ASSET_SYMBOL_EXTENSIONS = YES;
				CLANG_ANALYZER_NONNULL = YES;
				CLANG_ANALYZER_NUMBER_OBJECT_CONVERSION = YES_AGGRESSIVE;
				CLANG_CXX_LANGUAGE_STANDARD = "gnu++20";
				CLANG_ENABLE_MODULES = YES;
				CLANG_ENABLE_OBJC_ARC = YES;
				CLANG_ENABLE_OBJC_WEAK = YES;
				CLANG_WARN_BLOCK_CAPTURE_AUTORELEASING = YES;
				CLANG_WARN_BOOL_CONVERSION = YES;
				CLANG_WARN_COMMA = YES;
				CLANG_WARN_CONSTANT_CONVERSION = YES;
				CLANG_WARN_DEPRECATED_OBJC_IMPLEMENTATIONS = YES;
				CLANG_WARN_DIRECT_OBJC_ISA_USAGE = YES_ERROR;
				CLANG_WARN_DOCUMENTATION_COMMENTS = YES;
				CLANG_WARN_EMPTY_BODY = YES;
				CLANG_WARN_ENUM_CONVERSION = YES;
				CLANG_WARN_INFINITE_RECURSION = YES;
				CLANG_WARN_INT_CONVERSION = YES;
				CLANG_WARN_NON_LITERAL_NULL_CONVERSION = YES;
				CLANG_WARN_OBJC_IMPLICIT_RETAIN_SELF = YES;
				CLANG_WARN_OBJC_LITERAL_CONVERSION = YES;
				CLANG_WARN_OBJC_ROOT_CLASS = YES_ERROR;
				CLANG_WARN_QUOTED_INCLUDE_IN_FRAMEWORK_HEADER = YES;
				CLANG_WARN_RANGE_LOOP_ANALYSIS = YES;
				CLANG_WARN_STRICT_PROTOTYPES = YES;
				CLANG_WARN_SUSPICIOUS_MOVE = YES;
				CLANG_WARN_UNGUARDED_AVAILABILITY = YES_AGGRESSIVE;
				CLANG_WARN_UNREACHABLE_CODE = YES;
				CLANG_WARN__DUPLICATE_METHOD_MATCH = YES;
				COPY_PHASE_STRIP = NO;
				DEBUG_INFORMATION_FORMAT = dwarf;
				ENABLE_STRICT_OBJC_MSGSEND = YES;
				ENABLE_TESTABILITY = YES;
				ENABLE_USER_SCRIPT_SANDBOXING = YES;
				GCC_C_LANGUAGE_STANDARD = gnu17;
				GCC_DYNAMIC_NO_PIC = NO;
				GCC_NO_COMMON_BLOCKS = YES;
				GCC_OPTIMIZATION_LEVEL = 0;
				GCC_PREPROCESSOR_DEFINITIONS = (
					"DEBUG=1",
					"$(inherited)",
				);
				GCC_WARN_64_TO_32_BIT_CONVERSION = YES;
				GCC_WARN_ABOUT_RETURN_TYPE = YES_ERROR;
				GCC_WARN_UNDECLARED_SELECTOR = YES;
				GCC_WARN_UNINITIALIZED_AUTOS = YES_AGGRESSIVE;
				GCC_WARN_UNUSED_FUNCTION = YES;
				GCC_WARN_UNUSED_VARIABLE = YES;
				IPHONEOS_DEPLOYMENT_TARGET = 18.0;
				LOCALIZATION_PREFERS_STRING_CATALOGS = YES;
				MTL_ENABLE_DEBUG_INFO = INCLUDE_SOURCE;
				MTL_FAST_MATH = YES;
				ONLY_ACTIVE_ARCH = YES;
				SDKROOT = iphoneos;
				SWIFT_ACTIVE_COMPILATION_CONDITIONS = "DEBUG $(inherited)";
				SWIFT_OPTIMIZATION_LEVEL = "-Onone";
			};
			name = Debug;
		};
		50CC0AA02CC06DB8006ABD4F /* Release */ = {
			isa = XCBuildConfiguration;
			buildSettings = {
				ALWAYS_SEARCH_USER_PATHS = NO;
				ASSETCATALOG_COMPILER_GENERATE_SWIFT_ASSET_SYMBOL_EXTENSIONS = YES;
				CLANG_ANALYZER_NONNULL = YES;
				CLANG_ANALYZER_NUMBER_OBJECT_CONVERSION = YES_AGGRESSIVE;
				CLANG_CXX_LANGUAGE_STANDARD = "gnu++20";
				CLANG_ENABLE_MODULES = YES;
				CLANG_ENABLE_OBJC_ARC = YES;
				CLANG_ENABLE_OBJC_WEAK = YES;
				CLANG_WARN_BLOCK_CAPTURE_AUTORELEASING = YES;
				CLANG_WARN_BOOL_CONVERSION = YES;
				CLANG_WARN_COMMA = YES;
				CLANG_WARN_CONSTANT_CONVERSION = YES;
				CLANG_WARN_DEPRECATED_OBJC_IMPLEMENTATIONS = YES;
				CLANG_WARN_DIRECT_OBJC_ISA_USAGE = YES_ERROR;
				CLANG_WARN_DOCUMENTATION_COMMENTS = YES;
				CLANG_WARN_EMPTY_BODY = YES;
				CLANG_WARN_ENUM_CONVERSION = YES;
				CLANG_WARN_INFINITE_RECURSION = YES;
				CLANG_WARN_INT_CONVERSION = YES;
				CLANG_WARN_NON_LITERAL_NULL_CONVERSION = YES;
				CLANG_WARN_OBJC_IMPLICIT_RETAIN_SELF = YES;
				CLANG_WARN_OBJC_LITERAL_CONVERSION = YES;
				CLANG_WARN_OBJC_ROOT_CLASS = YES_ERROR;
				CLANG_WARN_QUOTED_INCLUDE_IN_FRAMEWORK_HEADER = YES;
				CLANG_WARN_RANGE_LOOP_ANALYSIS = YES;
				CLANG_WARN_STRICT_PROTOTYPES = YES;
				CLANG_WARN_SUSPICIOUS_MOVE = YES;
				CLANG_WARN_UNGUARDED_AVAILABILITY = YES_AGGRESSIVE;
				CLANG_WARN_UNREACHABLE_CODE = YES;
				CLANG_WARN__DUPLICATE_METHOD_MATCH = YES;
				COPY_PHASE_STRIP = NO;
				DEBUG_INFORMATION_FORMAT = "dwarf-with-dsym";
				ENABLE_NS_ASSERTIONS = NO;
				ENABLE_STRICT_OBJC_MSGSEND = YES;
				ENABLE_USER_SCRIPT_SANDBOXING = YES;
				GCC_C_LANGUAGE_STANDARD = gnu17;
				GCC_NO_COMMON_BLOCKS = YES;
				GCC_WARN_64_TO_32_BIT_CONVERSION = YES;
				GCC_WARN_ABOUT_RETURN_TYPE = YES_ERROR;
				GCC_WARN_UNDECLARED_SELECTOR = YES;
				GCC_WARN_UNINITIALIZED_AUTOS = YES_AGGRESSIVE;
				GCC_WARN_UNUSED_FUNCTION = YES;
				GCC_WARN_UNUSED_VARIABLE = YES;
				IPHONEOS_DEPLOYMENT_TARGET = 18.0;
				LOCALIZATION_PREFERS_STRING_CATALOGS = YES;
				MTL_ENABLE_DEBUG_INFO = NO;
				MTL_FAST_MATH = YES;
				SDKROOT = iphoneos;
				SWIFT_COMPILATION_MODE = wholemodule;
				VALIDATE_PRODUCT = YES;
			};
			name = Release;
		};
		50CC0AA22CC06DB8006ABD4F /* Debug */ = {
			isa = XCBuildConfiguration;
			buildSettings = {
				ASSETCATALOG_COMPILER_APPICON_NAME = AppIcon;
				ASSETCATALOG_COMPILER_GLOBAL_ACCENT_COLOR_NAME = AccentColor;
				CODE_SIGN_STYLE = Automatic;
				CURRENT_PROJECT_VERSION = 1;
				DEVELOPMENT_ASSET_PATHS = "\"AuthenticationAndNavigation184/Preview Content\"";
				ENABLE_PREVIEWS = YES;
				GENERATE_INFOPLIST_FILE = YES;
				INFOPLIST_KEY_UIApplicationSceneManifest_Generation = YES;
				INFOPLIST_KEY_UIApplicationSupportsIndirectInputEvents = YES;
				INFOPLIST_KEY_UILaunchScreen_Generation = YES;
				INFOPLIST_KEY_UISupportedInterfaceOrientations_iPad = "UIInterfaceOrientationPortrait UIInterfaceOrientationPortraitUpsideDown UIInterfaceOrientationLandscapeLeft UIInterfaceOrientationLandscapeRight";
				INFOPLIST_KEY_UISupportedInterfaceOrientations_iPhone = "UIInterfaceOrientationPortrait UIInterfaceOrientationLandscapeLeft UIInterfaceOrientationLandscapeRight";
				LD_RUNPATH_SEARCH_PATHS = (
					"$(inherited)",
					"@executable_path/Frameworks",
				);
				MARKETING_VERSION = 1.0;
				PRODUCT_BUNDLE_IDENTIFIER = Nadav.AuthenticationAndNavigation184;
				PRODUCT_NAME = "$(TARGET_NAME)";
				SWIFT_EMIT_LOC_STRINGS = YES;
				SWIFT_VERSION = 5.0;
				TARGETED_DEVICE_FAMILY = "1,2";
			};
			name = Debug;
		};
		50CC0AA32CC06DB8006ABD4F /* Release */ = {
			isa = XCBuildConfiguration;
			buildSettings = {
				ASSETCATALOG_COMPILER_APPICON_NAME = AppIcon;
				ASSETCATALOG_COMPILER_GLOBAL_ACCENT_COLOR_NAME = AccentColor;
				CODE_SIGN_STYLE = Automatic;
				CURRENT_PROJECT_VERSION = 1;
				DEVELOPMENT_ASSET_PATHS = "\"AuthenticationAndNavigation184/Preview Content\"";
				ENABLE_PREVIEWS = YES;
				GENERATE_INFOPLIST_FILE = YES;
				INFOPLIST_KEY_UIApplicationSceneManifest_Generation = YES;
				INFOPLIST_KEY_UIApplicationSupportsIndirectInputEvents = YES;
				INFOPLIST_KEY_UILaunchScreen_Generation = YES;
				INFOPLIST_KEY_UISupportedInterfaceOrientations_iPad = "UIInterfaceOrientationPortrait UIInterfaceOrientationPortraitUpsideDown UIInterfaceOrientationLandscapeLeft UIInterfaceOrientationLandscapeRight";
				INFOPLIST_KEY_UISupportedInterfaceOrientations_iPhone = "UIInterfaceOrientationPortrait UIInterfaceOrientationLandscapeLeft UIInterfaceOrientationLandscapeRight";
				LD_RUNPATH_SEARCH_PATHS = (
					"$(inherited)",
					"@executable_path/Frameworks",
				);
				MARKETING_VERSION = 1.0;
				PRODUCT_BUNDLE_IDENTIFIER = Nadav.AuthenticationAndNavigation184;
				PRODUCT_NAME = "$(TARGET_NAME)";
				SWIFT_EMIT_LOC_STRINGS = YES;
				SWIFT_VERSION = 5.0;
				TARGETED_DEVICE_FAMILY = "1,2";
			};
			name = Release;
		};
		50CC0AA52CC06DB8006ABD4F /* Debug */ = {
			isa = XCBuildConfiguration;
			buildSettings = {
				BUNDLE_LOADER = "$(TEST_HOST)";
				CODE_SIGN_STYLE = Automatic;
				CURRENT_PROJECT_VERSION = 1;
				GENERATE_INFOPLIST_FILE = YES;
				IPHONEOS_DEPLOYMENT_TARGET = 18.0;
				MARKETING_VERSION = 1.0;
				PRODUCT_BUNDLE_IDENTIFIER = Nadav.AuthenticationAndNavigation184Tests;
				PRODUCT_NAME = "$(TARGET_NAME)";
				SWIFT_EMIT_LOC_STRINGS = NO;
				SWIFT_VERSION = 5.0;
				TARGETED_DEVICE_FAMILY = "1,2";
				TEST_HOST = "$(BUILT_PRODUCTS_DIR)/AuthenticationAndNavigation184.app/$(BUNDLE_EXECUTABLE_FOLDER_PATH)/AuthenticationAndNavigation184";
			};
			name = Debug;
		};
		50CC0AA62CC06DB8006ABD4F /* Release */ = {
			isa = XCBuildConfiguration;
			buildSettings = {
				BUNDLE_LOADER = "$(TEST_HOST)";
				CODE_SIGN_STYLE = Automatic;
				CURRENT_PROJECT_VERSION = 1;
				GENERATE_INFOPLIST_FILE = YES;
				IPHONEOS_DEPLOYMENT_TARGET = 18.0;
				MARKETING_VERSION = 1.0;
				PRODUCT_BUNDLE_IDENTIFIER = Nadav.AuthenticationAndNavigation184Tests;
				PRODUCT_NAME = "$(TARGET_NAME)";
				SWIFT_EMIT_LOC_STRINGS = NO;
				SWIFT_VERSION = 5.0;
				TARGETED_DEVICE_FAMILY = "1,2";
				TEST_HOST = "$(BUILT_PRODUCTS_DIR)/AuthenticationAndNavigation184.app/$(BUNDLE_EXECUTABLE_FOLDER_PATH)/AuthenticationAndNavigation184";
			};
			name = Release;
		};
		50CC0AA82CC06DB8006ABD4F /* Debug */ = {
			isa = XCBuildConfiguration;
			buildSettings = {
				CODE_SIGN_STYLE = Automatic;
				CURRENT_PROJECT_VERSION = 1;
				GENERATE_INFOPLIST_FILE = YES;
				MARKETING_VERSION = 1.0;
				PRODUCT_BUNDLE_IDENTIFIER = Nadav.AuthenticationAndNavigation184UITests;
				PRODUCT_NAME = "$(TARGET_NAME)";
				SWIFT_EMIT_LOC_STRINGS = NO;
				SWIFT_VERSION = 5.0;
				TARGETED_DEVICE_FAMILY = "1,2";
				TEST_TARGET_NAME = AuthenticationAndNavigation184;
			};
			name = Debug;
		};
		50CC0AA92CC06DB8006ABD4F /* Release */ = {
			isa = XCBuildConfiguration;
			buildSettings = {
				CODE_SIGN_STYLE = Automatic;
				CURRENT_PROJECT_VERSION = 1;
				GENERATE_INFOPLIST_FILE = YES;
				MARKETING_VERSION = 1.0;
				PRODUCT_BUNDLE_IDENTIFIER = Nadav.AuthenticationAndNavigation184UITests;
				PRODUCT_NAME = "$(TARGET_NAME)";
				SWIFT_EMIT_LOC_STRINGS = NO;
				SWIFT_VERSION = 5.0;
				TARGETED_DEVICE_FAMILY = "1,2";
				TEST_TARGET_NAME = AuthenticationAndNavigation184;
			};
			name = Release;
		};
/* End XCBuildConfiguration section */

/* Begin XCConfigurationList section */
		50CC0A782CC06DB7006ABD4F /* Build configuration list for PBXProject "AuthenticationAndNavigation184" */ = {
			isa = XCConfigurationList;
			buildConfigurations = (
				50CC0A9F2CC06DB8006ABD4F /* Debug */,
				50CC0AA02CC06DB8006ABD4F /* Release */,
			);
			defaultConfigurationIsVisible = 0;
			defaultConfigurationName = Release;
		};
		50CC0AA12CC06DB8006ABD4F /* Build configuration list for PBXNativeTarget "AuthenticationAndNavigation184" */ = {
			isa = XCConfigurationList;
			buildConfigurations = (
				50CC0AA22CC06DB8006ABD4F /* Debug */,
				50CC0AA32CC06DB8006ABD4F /* Release */,
			);
			defaultConfigurationIsVisible = 0;
			defaultConfigurationName = Release;
		};
		50CC0AA42CC06DB8006ABD4F /* Build configuration list for PBXNativeTarget "AuthenticationAndNavigation184Tests" */ = {
			isa = XCConfigurationList;
			buildConfigurations = (
				50CC0AA52CC06DB8006ABD4F /* Debug */,
				50CC0AA62CC06DB8006ABD4F /* Release */,
			);
			defaultConfigurationIsVisible = 0;
			defaultConfigurationName = Release;
		};
		50CC0AA72CC06DB8006ABD4F /* Build configuration list for PBXNativeTarget "AuthenticationAndNavigation184UITests" */ = {
			isa = XCConfigurationList;
			buildConfigurations = (
				50CC0AA82CC06DB8006ABD4F /* Debug */,
				50CC0AA92CC06DB8006ABD4F /* Release */,
			);
			defaultConfigurationIsVisible = 0;
			defaultConfigurationName = Release;
		};
/* End XCConfigurationList section */
	};
	rootObject = 50CC0A752CC06DB7006ABD4F /* Project object */;
}
